// !$*UTF8*$!
{
	archiveVersion = 1;
	classes = {
	};
	objectVersion = 77;
	objects = {

/* Begin PBXBuildFile section */
		CA907BF82D3F67E4003833E7 /* .gitignore in Resources */ = {isa = PBXBuildFile; fileRef = CA907BF72D3F67E4003833E7 /* .gitignore */; };
		CA907C5F2D3F6E5C003833E7 /* ComposableArchitecture in Frameworks */ = {isa = PBXBuildFile; productRef = CA907C5E2D3F6E5C003833E7 /* ComposableArchitecture */; };
		CA907C612D3F6E7D003833E7 /* ComposableArchitecture in Frameworks */ = {isa = PBXBuildFile; productRef = CA907C602D3F6E7D003833E7 /* ComposableArchitecture */; };
		CA907C632D3F6E91003833E7 /* ComposableArchitecture in Frameworks */ = {isa = PBXBuildFile; productRef = CA907C622D3F6E91003833E7 /* ComposableArchitecture */; };
/* End PBXBuildFile section */

/* Begin PBXContainerItemProxy section */
		CA907BD92D3F60A9003833E7 /* PBXContainerItemProxy */ = {
			isa = PBXContainerItemProxy;
			containerPortal = CA907BBB2D3F60A6003833E7 /* Project object */;
			proxyType = 1;
			remoteGlobalIDString = CA907BC22D3F60A6003833E7;
			remoteInfo = Tikkeul_iOS;
		};
		CA907BE32D3F60A9003833E7 /* PBXContainerItemProxy */ = {
			isa = PBXContainerItemProxy;
			containerPortal = CA907BBB2D3F60A6003833E7 /* Project object */;
			proxyType = 1;
			remoteGlobalIDString = CA907BC22D3F60A6003833E7;
			remoteInfo = Tikkeul_iOS;
		};
/* End PBXContainerItemProxy section */

/* Begin PBXFileReference section */
		CA907BC32D3F60A6003833E7 /* Tikkeul_iOS.app */ = {isa = PBXFileReference; explicitFileType = wrapper.application; includeInIndex = 0; path = Tikkeul_iOS.app; sourceTree = BUILT_PRODUCTS_DIR; };
		CA907BD82D3F60A9003833E7 /* Tikkeul_iOSTests.xctest */ = {isa = PBXFileReference; explicitFileType = wrapper.cfbundle; includeInIndex = 0; path = Tikkeul_iOSTests.xctest; sourceTree = BUILT_PRODUCTS_DIR; };
		CA907BE22D3F60A9003833E7 /* Tikkeul_iOSUITests.xctest */ = {isa = PBXFileReference; explicitFileType = wrapper.cfbundle; includeInIndex = 0; path = Tikkeul_iOSUITests.xctest; sourceTree = BUILT_PRODUCTS_DIR; };
		CA907BF72D3F67E4003833E7 /* .gitignore */ = {isa = PBXFileReference; lastKnownFileType = text; path = .gitignore; sourceTree = "<group>"; };
/* End PBXFileReference section */

/* Begin PBXFileSystemSynchronizedBuildFileExceptionSet section */
		CA907C6E2D3F6F75003833E7 /* Exceptions for "Tikkeul_iOS" folder in "Tikkeul_iOS" target */ = {
			isa = PBXFileSystemSynchronizedBuildFileExceptionSet;
			membershipExceptions = (
				Test/Tikkeul_iOSTests/Tikkeul_iOSTests.swift,
				Test/Tikkeul_iOSUITests/Tikkeul_iOSUITests.swift,
				Test/Tikkeul_iOSUITests/Tikkeul_iOSUITestsLaunchTests.swift,
			);
			target = CA907BC22D3F60A6003833E7 /* Tikkeul_iOS */;
		};
		CA907C6F2D3F6F75003833E7 /* Exceptions for "Tikkeul_iOS" folder in "Tikkeul_iOSTests" target */ = {
			isa = PBXFileSystemSynchronizedBuildFileExceptionSet;
			membershipExceptions = (
				Test/Tikkeul_iOSTests/Tikkeul_iOSTests.swift,
			);
			target = CA907BD72D3F60A9003833E7 /* Tikkeul_iOSTests */;
		};
		CA907C702D3F6F75003833E7 /* Exceptions for "Tikkeul_iOS" folder in "Tikkeul_iOSUITests" target */ = {
			isa = PBXFileSystemSynchronizedBuildFileExceptionSet;
			membershipExceptions = (
				Test/Tikkeul_iOSUITests/Tikkeul_iOSUITests.swift,
				Test/Tikkeul_iOSUITests/Tikkeul_iOSUITestsLaunchTests.swift,
			);
			target = CA907BE12D3F60A9003833E7 /* Tikkeul_iOSUITests */;
		};
/* End PBXFileSystemSynchronizedBuildFileExceptionSet section */

/* Begin PBXFileSystemSynchronizedRootGroup section */
		CA907BC52D3F60A6003833E7 /* Tikkeul_iOS */ = {
			isa = PBXFileSystemSynchronizedRootGroup;
			exceptions = (
				CA907C6E2D3F6F75003833E7 /* Exceptions for "Tikkeul_iOS" folder in "Tikkeul_iOS" target */,
				CA907C6F2D3F6F75003833E7 /* Exceptions for "Tikkeul_iOS" folder in "Tikkeul_iOSTests" target */,
				CA907C702D3F6F75003833E7 /* Exceptions for "Tikkeul_iOS" folder in "Tikkeul_iOSUITests" target */,
			);
			path = Tikkeul_iOS;
			sourceTree = "<group>";
		};
/* End PBXFileSystemSynchronizedRootGroup section */

/* Begin PBXFrameworksBuildPhase section */
		CA907BC02D3F60A6003833E7 /* Frameworks */ = {
			isa = PBXFrameworksBuildPhase;
			buildActionMask = 2147483647;
			files = (
				CA907C5F2D3F6E5C003833E7 /* ComposableArchitecture in Frameworks */,
			);
			runOnlyForDeploymentPostprocessing = 0;
		};
		CA907BD52D3F60A9003833E7 /* Frameworks */ = {
			isa = PBXFrameworksBuildPhase;
			buildActionMask = 2147483647;
			files = (
				CA907C612D3F6E7D003833E7 /* ComposableArchitecture in Frameworks */,
			);
			runOnlyForDeploymentPostprocessing = 0;
		};
		CA907BDF2D3F60A9003833E7 /* Frameworks */ = {
			isa = PBXFrameworksBuildPhase;
			buildActionMask = 2147483647;
			files = (
				CA907C632D3F6E91003833E7 /* ComposableArchitecture in Frameworks */,
			);
			runOnlyForDeploymentPostprocessing = 0;
		};
/* End PBXFrameworksBuildPhase section */

/* Begin PBXGroup section */
		CA907BBA2D3F60A6003833E7 = {
			isa = PBXGroup;
			children = (
				CA907BF72D3F67E4003833E7 /* .gitignore */,
				CA907BC52D3F60A6003833E7 /* Tikkeul_iOS */,
				CA907BC42D3F60A6003833E7 /* Products */,
			);
			sourceTree = "<group>";
		};
		CA907BC42D3F60A6003833E7 /* Products */ = {
			isa = PBXGroup;
			children = (
				CA907BC32D3F60A6003833E7 /* Tikkeul_iOS.app */,
				CA907BD82D3F60A9003833E7 /* Tikkeul_iOSTests.xctest */,
				CA907BE22D3F60A9003833E7 /* Tikkeul_iOSUITests.xctest */,
			);
			name = Products;
			sourceTree = "<group>";
		};
/* End PBXGroup section */

/* Begin PBXNativeTarget section */
		CA907BC22D3F60A6003833E7 /* Tikkeul_iOS */ = {
			isa = PBXNativeTarget;
			buildConfigurationList = CA907BEC2D3F60A9003833E7 /* Build configuration list for PBXNativeTarget "Tikkeul_iOS" */;
			buildPhases = (
				CA907BBF2D3F60A6003833E7 /* Sources */,
				CA907BC02D3F60A6003833E7 /* Frameworks */,
				CA907BC12D3F60A6003833E7 /* Resources */,
			);
			buildRules = (
			);
			dependencies = (
				CA907C882D3F7E4F003833E7 /* PBXTargetDependency */,
			);
			fileSystemSynchronizedGroups = (
				CA907BC52D3F60A6003833E7 /* Tikkeul_iOS */,
			);
			name = Tikkeul_iOS;
			packageProductDependencies = (
				CA907C5E2D3F6E5C003833E7 /* ComposableArchitecture */,
			);
			productName = Tikkeul_iOS;
			productReference = CA907BC32D3F60A6003833E7 /* Tikkeul_iOS.app */;
			productType = "com.apple.product-type.application";
		};
		CA907BD72D3F60A9003833E7 /* Tikkeul_iOSTests */ = {
			isa = PBXNativeTarget;
			buildConfigurationList = CA907BEF2D3F60A9003833E7 /* Build configuration list for PBXNativeTarget "Tikkeul_iOSTests" */;
			buildPhases = (
				CA907BD42D3F60A9003833E7 /* Sources */,
				CA907BD52D3F60A9003833E7 /* Frameworks */,
				CA907BD62D3F60A9003833E7 /* Resources */,
			);
			buildRules = (
			);
			dependencies = (
				CA907BDA2D3F60A9003833E7 /* PBXTargetDependency */,
			);
			name = Tikkeul_iOSTests;
			packageProductDependencies = (
				CA907C602D3F6E7D003833E7 /* ComposableArchitecture */,
			);
			productName = Tikkeul_iOSTests;
			productReference = CA907BD82D3F60A9003833E7 /* Tikkeul_iOSTests.xctest */;
			productType = "com.apple.product-type.bundle.unit-test";
		};
		CA907BE12D3F60A9003833E7 /* Tikkeul_iOSUITests */ = {
			isa = PBXNativeTarget;
			buildConfigurationList = CA907BF22D3F60A9003833E7 /* Build configuration list for PBXNativeTarget "Tikkeul_iOSUITests" */;
			buildPhases = (
				CA907BDE2D3F60A9003833E7 /* Sources */,
				CA907BDF2D3F60A9003833E7 /* Frameworks */,
				CA907BE02D3F60A9003833E7 /* Resources */,
			);
			buildRules = (
			);
			dependencies = (
				CA907BE42D3F60A9003833E7 /* PBXTargetDependency */,
			);
			name = Tikkeul_iOSUITests;
			packageProductDependencies = (
				CA907C622D3F6E91003833E7 /* ComposableArchitecture */,
			);
			productName = Tikkeul_iOSUITests;
			productReference = CA907BE22D3F60A9003833E7 /* Tikkeul_iOSUITests.xctest */;
			productType = "com.apple.product-type.bundle.ui-testing";
		};
/* End PBXNativeTarget section */

/* Begin PBXProject section */
		CA907BBB2D3F60A6003833E7 /* Project object */ = {
			isa = PBXProject;
			attributes = {
				BuildIndependentTargetsInParallel = 1;
				LastSwiftUpdateCheck = 1620;
				LastUpgradeCheck = 1620;
				TargetAttributes = {
					CA907BC22D3F60A6003833E7 = {
						CreatedOnToolsVersion = 16.2;
					};
					CA907BD72D3F60A9003833E7 = {
						CreatedOnToolsVersion = 16.2;
						TestTargetID = CA907BC22D3F60A6003833E7;
					};
					CA907BE12D3F60A9003833E7 = {
						CreatedOnToolsVersion = 16.2;
						TestTargetID = CA907BC22D3F60A6003833E7;
					};
				};
			};
			buildConfigurationList = CA907BBE2D3F60A6003833E7 /* Build configuration list for PBXProject "Tikkeul_iOS" */;
			developmentRegion = en;
			hasScannedForEncodings = 0;
			knownRegions = (
				en,
				Base,
			);
			mainGroup = CA907BBA2D3F60A6003833E7;
			minimizedProjectReferenceProxies = 1;
			packageReferences = (
				CA907C5D2D3F6E5C003833E7 /* XCRemoteSwiftPackageReference "swift-composable-architecture" */,
				CA907C862D3F72B6003833E7 /* XCRemoteSwiftPackageReference "SwiftLintPlugins" */,
			);
			preferredProjectObjectVersion = 77;
			productRefGroup = CA907BC42D3F60A6003833E7 /* Products */;
			projectDirPath = "";
			projectRoot = "";
			targets = (
				CA907BC22D3F60A6003833E7 /* Tikkeul_iOS */,
				CA907BD72D3F60A9003833E7 /* Tikkeul_iOSTests */,
				CA907BE12D3F60A9003833E7 /* Tikkeul_iOSUITests */,
			);
		};
/* End PBXProject section */

/* Begin PBXResourcesBuildPhase section */
		CA907BC12D3F60A6003833E7 /* Resources */ = {
			isa = PBXResourcesBuildPhase;
			buildActionMask = 2147483647;
			files = (
				CA907BF82D3F67E4003833E7 /* .gitignore in Resources */,
			);
			runOnlyForDeploymentPostprocessing = 0;
		};
		CA907BD62D3F60A9003833E7 /* Resources */ = {
			isa = PBXResourcesBuildPhase;
			buildActionMask = 2147483647;
			files = (
			);
			runOnlyForDeploymentPostprocessing = 0;
		};
		CA907BE02D3F60A9003833E7 /* Resources */ = {
			isa = PBXResourcesBuildPhase;
			buildActionMask = 2147483647;
			files = (
			);
			runOnlyForDeploymentPostprocessing = 0;
		};
/* End PBXResourcesBuildPhase section */

/* Begin PBXSourcesBuildPhase section */
		CA907BBF2D3F60A6003833E7 /* Sources */ = {
			isa = PBXSourcesBuildPhase;
			buildActionMask = 2147483647;
			files = (
			);
			runOnlyForDeploymentPostprocessing = 0;
		};
		CA907BD42D3F60A9003833E7 /* Sources */ = {
			isa = PBXSourcesBuildPhase;
			buildActionMask = 2147483647;
			files = (
			);
			runOnlyForDeploymentPostprocessing = 0;
		};
		CA907BDE2D3F60A9003833E7 /* Sources */ = {
			isa = PBXSourcesBuildPhase;
			buildActionMask = 2147483647;
			files = (
			);
			runOnlyForDeploymentPostprocessing = 0;
		};
/* End PBXSourcesBuildPhase section */

/* Begin PBXTargetDependency section */
		CA907BDA2D3F60A9003833E7 /* PBXTargetDependency */ = {
			isa = PBXTargetDependency;
			target = CA907BC22D3F60A6003833E7 /* Tikkeul_iOS */;
			targetProxy = CA907BD92D3F60A9003833E7 /* PBXContainerItemProxy */;
		};
		CA907BE42D3F60A9003833E7 /* PBXTargetDependency */ = {
			isa = PBXTargetDependency;
			target = CA907BC22D3F60A6003833E7 /* Tikkeul_iOS */;
			targetProxy = CA907BE32D3F60A9003833E7 /* PBXContainerItemProxy */;
		};
		CA907C882D3F7E4F003833E7 /* PBXTargetDependency */ = {
			isa = PBXTargetDependency;
			productRef = CA907C872D3F7E4F003833E7 /* SwiftLintBuildToolPlugin */;
		};
/* End PBXTargetDependency section */

/* Begin XCBuildConfiguration section */
		CA907BEA2D3F60A9003833E7 /* Debug */ = {
			isa = XCBuildConfiguration;
			buildSettings = {
				ALWAYS_SEARCH_USER_PATHS = NO;
				ASSETCATALOG_COMPILER_GENERATE_SWIFT_ASSET_SYMBOL_EXTENSIONS = YES;
				CLANG_ANALYZER_NONNULL = YES;
				CLANG_ANALYZER_NUMBER_OBJECT_CONVERSION = YES_AGGRESSIVE;
				CLANG_CXX_LANGUAGE_STANDARD = "gnu++20";
				CLANG_ENABLE_MODULES = YES;
				CLANG_ENABLE_OBJC_ARC = YES;
				CLANG_ENABLE_OBJC_WEAK = YES;
				CLANG_WARN_BLOCK_CAPTURE_AUTORELEASING = YES;
				CLANG_WARN_BOOL_CONVERSION = YES;
				CLANG_WARN_COMMA = YES;
				CLANG_WARN_CONSTANT_CONVERSION = YES;
				CLANG_WARN_DEPRECATED_OBJC_IMPLEMENTATIONS = YES;
				CLANG_WARN_DIRECT_OBJC_ISA_USAGE = YES_ERROR;
				CLANG_WARN_DOCUMENTATION_COMMENTS = YES;
				CLANG_WARN_EMPTY_BODY = YES;
				CLANG_WARN_ENUM_CONVERSION = YES;
				CLANG_WARN_INFINITE_RECURSION = YES;
				CLANG_WARN_INT_CONVERSION = YES;
				CLANG_WARN_NON_LITERAL_NULL_CONVERSION = YES;
				CLANG_WARN_OBJC_IMPLICIT_RETAIN_SELF = YES;
				CLANG_WARN_OBJC_LITERAL_CONVERSION = YES;
				CLANG_WARN_OBJC_ROOT_CLASS = YES_ERROR;
				CLANG_WARN_QUOTED_INCLUDE_IN_FRAMEWORK_HEADER = YES;
				CLANG_WARN_RANGE_LOOP_ANALYSIS = YES;
				CLANG_WARN_STRICT_PROTOTYPES = YES;
				CLANG_WARN_SUSPICIOUS_MOVE = YES;
				CLANG_WARN_UNGUARDED_AVAILABILITY = YES_AGGRESSIVE;
				CLANG_WARN_UNREACHABLE_CODE = YES;
				CLANG_WARN__DUPLICATE_METHOD_MATCH = YES;
				COPY_PHASE_STRIP = NO;
				DEBUG_INFORMATION_FORMAT = dwarf;
				ENABLE_STRICT_OBJC_MSGSEND = YES;
				ENABLE_TESTABILITY = YES;
				ENABLE_USER_SCRIPT_SANDBOXING = YES;
				GCC_C_LANGUAGE_STANDARD = gnu17;
				GCC_DYNAMIC_NO_PIC = NO;
				GCC_NO_COMMON_BLOCKS = YES;
				GCC_OPTIMIZATION_LEVEL = 0;
				GCC_PREPROCESSOR_DEFINITIONS = (
					"DEBUG=1",
					"$(inherited)",
				);
				GCC_WARN_64_TO_32_BIT_CONVERSION = YES;
				GCC_WARN_ABOUT_RETURN_TYPE = YES_ERROR;
				GCC_WARN_UNDECLARED_SELECTOR = YES;
				GCC_WARN_UNINITIALIZED_AUTOS = YES_AGGRESSIVE;
				GCC_WARN_UNUSED_FUNCTION = YES;
				GCC_WARN_UNUSED_VARIABLE = YES;
				IPHONEOS_DEPLOYMENT_TARGET = 18.2;
				LOCALIZATION_PREFERS_STRING_CATALOGS = YES;
				MTL_ENABLE_DEBUG_INFO = INCLUDE_SOURCE;
				MTL_FAST_MATH = YES;
				ONLY_ACTIVE_ARCH = YES;
				SDKROOT = iphoneos;
				SWIFT_ACTIVE_COMPILATION_CONDITIONS = "DEBUG $(inherited)";
				SWIFT_OPTIMIZATION_LEVEL = "-Onone";
			};
			name = Debug;
		};
		CA907BEB2D3F60A9003833E7 /* Release */ = {
			isa = XCBuildConfiguration;
			buildSettings = {
				ALWAYS_SEARCH_USER_PATHS = NO;
				ASSETCATALOG_COMPILER_GENERATE_SWIFT_ASSET_SYMBOL_EXTENSIONS = YES;
				CLANG_ANALYZER_NONNULL = YES;
				CLANG_ANALYZER_NUMBER_OBJECT_CONVERSION = YES_AGGRESSIVE;
				CLANG_CXX_LANGUAGE_STANDARD = "gnu++20";
				CLANG_ENABLE_MODULES = YES;
				CLANG_ENABLE_OBJC_ARC = YES;
				CLANG_ENABLE_OBJC_WEAK = YES;
				CLANG_WARN_BLOCK_CAPTURE_AUTORELEASING = YES;
				CLANG_WARN_BOOL_CONVERSION = YES;
				CLANG_WARN_COMMA = YES;
				CLANG_WARN_CONSTANT_CONVERSION = YES;
				CLANG_WARN_DEPRECATED_OBJC_IMPLEMENTATIONS = YES;
				CLANG_WARN_DIRECT_OBJC_ISA_USAGE = YES_ERROR;
				CLANG_WARN_DOCUMENTATION_COMMENTS = YES;
				CLANG_WARN_EMPTY_BODY = YES;
				CLANG_WARN_ENUM_CONVERSION = YES;
				CLANG_WARN_INFINITE_RECURSION = YES;
				CLANG_WARN_INT_CONVERSION = YES;
				CLANG_WARN_NON_LITERAL_NULL_CONVERSION = YES;
				CLANG_WARN_OBJC_IMPLICIT_RETAIN_SELF = YES;
				CLANG_WARN_OBJC_LITERAL_CONVERSION = YES;
				CLANG_WARN_OBJC_ROOT_CLASS = YES_ERROR;
				CLANG_WARN_QUOTED_INCLUDE_IN_FRAMEWORK_HEADER = YES;
				CLANG_WARN_RANGE_LOOP_ANALYSIS = YES;
				CLANG_WARN_STRICT_PROTOTYPES = YES;
				CLANG_WARN_SUSPICIOUS_MOVE = YES;
				CLANG_WARN_UNGUARDED_AVAILABILITY = YES_AGGRESSIVE;
				CLANG_WARN_UNREACHABLE_CODE = YES;
				CLANG_WARN__DUPLICATE_METHOD_MATCH = YES;
				COPY_PHASE_STRIP = NO;
				DEBUG_INFORMATION_FORMAT = "dwarf-with-dsym";
				ENABLE_NS_ASSERTIONS = NO;
				ENABLE_STRICT_OBJC_MSGSEND = YES;
				ENABLE_USER_SCRIPT_SANDBOXING = YES;
				GCC_C_LANGUAGE_STANDARD = gnu17;
				GCC_NO_COMMON_BLOCKS = YES;
				GCC_WARN_64_TO_32_BIT_CONVERSION = YES;
				GCC_WARN_ABOUT_RETURN_TYPE = YES_ERROR;
				GCC_WARN_UNDECLARED_SELECTOR = YES;
				GCC_WARN_UNINITIALIZED_AUTOS = YES_AGGRESSIVE;
				GCC_WARN_UNUSED_FUNCTION = YES;
				GCC_WARN_UNUSED_VARIABLE = YES;
				IPHONEOS_DEPLOYMENT_TARGET = 18.2;
				LOCALIZATION_PREFERS_STRING_CATALOGS = YES;
				MTL_ENABLE_DEBUG_INFO = NO;
				MTL_FAST_MATH = YES;
				SDKROOT = iphoneos;
				SWIFT_COMPILATION_MODE = wholemodule;
				VALIDATE_PRODUCT = YES;
			};
			name = Release;
		};
		CA907BED2D3F60A9003833E7 /* Debug */ = {
			isa = XCBuildConfiguration;
			buildSettings = {
				ASSETCATALOG_COMPILER_APPICON_NAME = AppIcon;
				ASSETCATALOG_COMPILER_GLOBAL_ACCENT_COLOR_NAME = AccentColor;
				CODE_SIGN_STYLE = Automatic;
				CURRENT_PROJECT_VERSION = 1;
				DEVELOPMENT_ASSET_PATHS = "\"Tikkeul_iOS/Preview Content\"";
				DEVELOPMENT_TEAM = WBG9V97XP4;
				ENABLE_PREVIEWS = YES;
				GENERATE_INFOPLIST_FILE = YES;
				INFOPLIST_KEY_UIApplicationSceneManifest_Generation = YES;
				INFOPLIST_KEY_UIApplicationSupportsIndirectInputEvents = YES;
				INFOPLIST_KEY_UILaunchScreen_Generation = YES;
				INFOPLIST_KEY_UISupportedInterfaceOrientations_iPad = "UIInterfaceOrientationPortrait UIInterfaceOrientationPortraitUpsideDown UIInterfaceOrientationLandscapeLeft UIInterfaceOrientationLandscapeRight";
				INFOPLIST_KEY_UISupportedInterfaceOrientations_iPhone = "UIInterfaceOrientationPortrait UIInterfaceOrientationLandscapeLeft UIInterfaceOrientationLandscapeRight";
				LD_RUNPATH_SEARCH_PATHS = (
					"$(inherited)",
					"@executable_path/Frameworks",
				);
				MARKETING_VERSION = 1.0;
				PRODUCT_BUNDLE_IDENTIFIER = "com.jihun.Tikkeul-iOS";
				PRODUCT_NAME = "$(TARGET_NAME)";
				SWIFT_EMIT_LOC_STRINGS = YES;
				SWIFT_VERSION = 5.0;
				TARGETED_DEVICE_FAMILY = "1,2";
			};
			name = Debug;
		};
		CA907BEE2D3F60A9003833E7 /* Release */ = {
			isa = XCBuildConfiguration;
			buildSettings = {
				ASSETCATALOG_COMPILER_APPICON_NAME = AppIcon;
				ASSETCATALOG_COMPILER_GLOBAL_ACCENT_COLOR_NAME = AccentColor;
				CODE_SIGN_STYLE = Automatic;
				CURRENT_PROJECT_VERSION = 1;
				DEVELOPMENT_ASSET_PATHS = "\"Tikkeul_iOS/Preview Content\"";
				DEVELOPMENT_TEAM = WBG9V97XP4;
				ENABLE_PREVIEWS = YES;
				GENERATE_INFOPLIST_FILE = YES;
				INFOPLIST_KEY_UIApplicationSceneManifest_Generation = YES;
				INFOPLIST_KEY_UIApplicationSupportsIndirectInputEvents = YES;
				INFOPLIST_KEY_UILaunchScreen_Generation = YES;
				INFOPLIST_KEY_UISupportedInterfaceOrientations_iPad = "UIInterfaceOrientationPortrait UIInterfaceOrientationPortraitUpsideDown UIInterfaceOrientationLandscapeLeft UIInterfaceOrientationLandscapeRight";
				INFOPLIST_KEY_UISupportedInterfaceOrientations_iPhone = "UIInterfaceOrientationPortrait UIInterfaceOrientationLandscapeLeft UIInterfaceOrientationLandscapeRight";
				LD_RUNPATH_SEARCH_PATHS = (
					"$(inherited)",
					"@executable_path/Frameworks",
				);
				MARKETING_VERSION = 1.0;
				PRODUCT_BUNDLE_IDENTIFIER = "com.jihun.Tikkeul-iOS";
				PRODUCT_NAME = "$(TARGET_NAME)";
				SWIFT_EMIT_LOC_STRINGS = YES;
				SWIFT_VERSION = 5.0;
				TARGETED_DEVICE_FAMILY = "1,2";
			};
			name = Release;
		};
		CA907BF02D3F60A9003833E7 /* Debug */ = {
			isa = XCBuildConfiguration;
			buildSettings = {
				BUNDLE_LOADER = "$(TEST_HOST)";
				CODE_SIGN_STYLE = Automatic;
				CURRENT_PROJECT_VERSION = 1;
				DEVELOPMENT_TEAM = WBG9V97XP4;
				GENERATE_INFOPLIST_FILE = YES;
				IPHONEOS_DEPLOYMENT_TARGET = 18.2;
				MARKETING_VERSION = 1.0;
				PRODUCT_BUNDLE_IDENTIFIER = "com.jihun.Tikkeul-iOSTests";
				PRODUCT_NAME = "$(TARGET_NAME)";
				SWIFT_EMIT_LOC_STRINGS = NO;
				SWIFT_VERSION = 5.0;
				TARGETED_DEVICE_FAMILY = "1,2";
				TEST_HOST = "$(BUILT_PRODUCTS_DIR)/Tikkeul_iOS.app/$(BUNDLE_EXECUTABLE_FOLDER_PATH)/Tikkeul_iOS";
			};
			name = Debug;
		};
		CA907BF12D3F60A9003833E7 /* Release */ = {
			isa = XCBuildConfiguration;
			buildSettings = {
				BUNDLE_LOADER = "$(TEST_HOST)";
				CODE_SIGN_STYLE = Automatic;
				CURRENT_PROJECT_VERSION = 1;
				DEVELOPMENT_TEAM = WBG9V97XP4;
				GENERATE_INFOPLIST_FILE = YES;
				IPHONEOS_DEPLOYMENT_TARGET = 18.2;
				MARKETING_VERSION = 1.0;
				PRODUCT_BUNDLE_IDENTIFIER = "com.jihun.Tikkeul-iOSTests";
				PRODUCT_NAME = "$(TARGET_NAME)";
				SWIFT_EMIT_LOC_STRINGS = NO;
				SWIFT_VERSION = 5.0;
				TARGETED_DEVICE_FAMILY = "1,2";
				TEST_HOST = "$(BUILT_PRODUCTS_DIR)/Tikkeul_iOS.app/$(BUNDLE_EXECUTABLE_FOLDER_PATH)/Tikkeul_iOS";
			};
			name = Release;
		};
		CA907BF32D3F60A9003833E7 /* Debug */ = {
			isa = XCBuildConfiguration;
			buildSettings = {
				CODE_SIGN_STYLE = Automatic;
				CURRENT_PROJECT_VERSION = 1;
				DEVELOPMENT_TEAM = WBG9V97XP4;
				GENERATE_INFOPLIST_FILE = YES;
				MARKETING_VERSION = 1.0;
				PRODUCT_BUNDLE_IDENTIFIER = "com.jihun.Tikkeul-iOSUITests";
				PRODUCT_NAME = "$(TARGET_NAME)";
				SWIFT_EMIT_LOC_STRINGS = NO;
				SWIFT_VERSION = 5.0;
				TARGETED_DEVICE_FAMILY = "1,2";
				TEST_TARGET_NAME = Tikkeul_iOS;
			};
			name = Debug;
		};
		CA907BF42D3F60A9003833E7 /* Release */ = {
			isa = XCBuildConfiguration;
			buildSettings = {
				CODE_SIGN_STYLE = Automatic;
				CURRENT_PROJECT_VERSION = 1;
				DEVELOPMENT_TEAM = WBG9V97XP4;
				GENERATE_INFOPLIST_FILE = YES;
				MARKETING_VERSION = 1.0;
				PRODUCT_BUNDLE_IDENTIFIER = "com.jihun.Tikkeul-iOSUITests";
				PRODUCT_NAME = "$(TARGET_NAME)";
				SWIFT_EMIT_LOC_STRINGS = NO;
				SWIFT_VERSION = 5.0;
				TARGETED_DEVICE_FAMILY = "1,2";
				TEST_TARGET_NAME = Tikkeul_iOS;
			};
			name = Release;
		};
/* End XCBuildConfiguration section */

/* Begin XCConfigurationList section */
		CA907BBE2D3F60A6003833E7 /* Build configuration list for PBXProject "Tikkeul_iOS" */ = {
			isa = XCConfigurationList;
			buildConfigurations = (
				CA907BEA2D3F60A9003833E7 /* Debug */,
				CA907BEB2D3F60A9003833E7 /* Release */,
			);
			defaultConfigurationIsVisible = 0;
			defaultConfigurationName = Release;
		};
		CA907BEC2D3F60A9003833E7 /* Build configuration list for PBXNativeTarget "Tikkeul_iOS" */ = {
			isa = XCConfigurationList;
			buildConfigurations = (
				CA907BED2D3F60A9003833E7 /* Debug */,
				CA907BEE2D3F60A9003833E7 /* Release */,
			);
			defaultConfigurationIsVisible = 0;
			defaultConfigurationName = Release;
		};
		CA907BEF2D3F60A9003833E7 /* Build configuration list for PBXNativeTarget "Tikkeul_iOSTests" */ = {
			isa = XCConfigurationList;
			buildConfigurations = (
				CA907BF02D3F60A9003833E7 /* Debug */,
				CA907BF12D3F60A9003833E7 /* Release */,
			);
			defaultConfigurationIsVisible = 0;
			defaultConfigurationName = Release;
		};
		CA907BF22D3F60A9003833E7 /* Build configuration list for PBXNativeTarget "Tikkeul_iOSUITests" */ = {
			isa = XCConfigurationList;
			buildConfigurations = (
				CA907BF32D3F60A9003833E7 /* Debug */,
				CA907BF42D3F60A9003833E7 /* Release */,
			);
			defaultConfigurationIsVisible = 0;
			defaultConfigurationName = Release;
		};
/* End XCConfigurationList section */

/* Begin XCRemoteSwiftPackageReference section */
		CA907C5D2D3F6E5C003833E7 /* XCRemoteSwiftPackageReference "swift-composable-architecture" */ = {
			isa = XCRemoteSwiftPackageReference;
			repositoryURL = "https://github.com/pointfreeco/swift-composable-architecture";
			requirement = {
				kind = upToNextMinorVersion;
				minimumVersion = 1.17.1;
			};
		};
		CA907C862D3F72B6003833E7 /* XCRemoteSwiftPackageReference "SwiftLintPlugins" */ = {
			isa = XCRemoteSwiftPackageReference;
			repositoryURL = "https://github.com/SimplyDanny/SwiftLintPlugins";
			requirement = {
				kind = upToNextMinorVersion;
				minimumVersion = 0.58.2;
			};
		};
/* End XCRemoteSwiftPackageReference section */

/* Begin XCSwiftPackageProductDependency section */
		CA907C5E2D3F6E5C003833E7 /* ComposableArchitecture */ = {
			isa = XCSwiftPackageProductDependency;
			package = CA907C5D2D3F6E5C003833E7 /* XCRemoteSwiftPackageReference "swift-composable-architecture" */;
			productName = ComposableArchitecture;
		};
		CA907C602D3F6E7D003833E7 /* ComposableArchitecture */ = {
			isa = XCSwiftPackageProductDependency;
			package = CA907C5D2D3F6E5C003833E7 /* XCRemoteSwiftPackageReference "swift-composable-architecture" */;
			productName = ComposableArchitecture;
		};
		CA907C622D3F6E91003833E7 /* ComposableArchitecture */ = {
			isa = XCSwiftPackageProductDependency;
			package = CA907C5D2D3F6E5C003833E7 /* XCRemoteSwiftPackageReference "swift-composable-architecture" */;
			productName = ComposableArchitecture;
		};
		CA907C872D3F7E4F003833E7 /* SwiftLintBuildToolPlugin */ = {
			isa = XCSwiftPackageProductDependency;
			package = CA907C862D3F72B6003833E7 /* XCRemoteSwiftPackageReference "SwiftLintPlugins" */;
			productName = "plugin:SwiftLintBuildToolPlugin";
		};
/* End XCSwiftPackageProductDependency section */
	};
	rootObject = CA907BBB2D3F60A6003833E7 /* Project object */;
}
